
Microsoft Visual Studio Solution File, Format Version 12.00
# Visual Studio Version 17
VisualStudioVersion = 17.8.34322.80
MinimumVisualStudioVersion = 10.0.40219.1
Project("{FAE04EC0-301F-11D3-BF4B-00C04F79EFBC}") = "StudentAppMint", "StudentAppMint\StudentAppMint.csproj", "{D91CDDA4-BEC5-4323-9E2B-F4397FDCE346}"
EndProject
Global
	GlobalSection(SolutionConfigurationPlatforms) = preSolution
		Debug|Any CPU = Debug|Any CPU
		Release|Any CPU = Release|Any CPU
	EndGlobalSection
	GlobalSection(ProjectConfigurationPlatforms) = postSolution
		{D91CDDA4-BEC5-4323-9E2B-F4397FDCE346}.Debug|Any CPU.ActiveCfg = Debug|Any CPU
		{D91CDDA4-BEC5-4323-9E2B-F4397FDCE346}.Debug|Any CPU.Build.0 = Debug|Any CPU
		{D91CDDA4-BEC5-4323-9E2B-F4397FDCE346}.Release|Any CPU.ActiveCfg = Release|Any CPU
		{D91CDDA4-BEC5-4323-9E2B-F4397FDCE346}.Release|Any CPU.Build.0 = Release|Any CPU
	EndGlobalSection
	GlobalSection(SolutionProperties) = preSolution
		HideSolutionNode = FALSE
	EndGlobalSection
	GlobalSection(ExtensibilityGlobals) = postSolution
		SolutionGuid = {CC8DE966-4F8C-4DCE-A7DF-130CEEB1EA0B}
	EndGlobalSection
EndGlobal
